
Microsoft Visual Studio Solution File, Format Version 12.00
# Visual Studio Version 17
VisualStudioVersion = 17.6.33815.320
MinimumVisualStudioVersion = 10.0.40219.1
Project("{FAE04EC0-301F-11D3-BF4B-00C04F79EFBC}") = "API", "API\API.csproj", "{9D10D17B-F7F8-4B9B-975B-CDEA4541556A}"
EndProject
Project("{FAE04EC0-301F-11D3-BF4B-00C04F79EFBC}") = "Core", "Core\Core.csproj", "{32385524-A564-44BD-B123-DD58F5F1BD94}"
EndProject
Project("{FAE04EC0-301F-11D3-BF4B-00C04F79EFBC}") = "Infrastructure", "Infrastructure\Infrastructure.csproj", "{D7F09D32-DB62-425E-A75C-CE627D30AA2C}"
EndProject
Global
	GlobalSection(SolutionConfigurationPlatforms) = preSolution
		Debug|Any CPU = Debug|Any CPU
		Release|Any CPU = Release|Any CPU
	EndGlobalSection
	GlobalSection(ProjectConfigurationPlatforms) = postSolution
		{9D10D17B-F7F8-4B9B-975B-CDEA4541556A}.Debug|Any CPU.ActiveCfg = Debug|Any CPU
		{9D10D17B-F7F8-4B9B-975B-CDEA4541556A}.Debug|Any CPU.Build.0 = Debug|Any CPU
		{9D10D17B-F7F8-4B9B-975B-CDEA4541556A}.Release|Any CPU.ActiveCfg = Release|Any CPU
		{9D10D17B-F7F8-4B9B-975B-CDEA4541556A}.Release|Any CPU.Build.0 = Release|Any CPU
		{32385524-A564-44BD-B123-DD58F5F1BD94}.Debug|Any CPU.ActiveCfg = Debug|Any CPU
		{32385524-A564-44BD-B123-DD58F5F1BD94}.Debug|Any CPU.Build.0 = Debug|Any CPU
		{32385524-A564-44BD-B123-DD58F5F1BD94}.Release|Any CPU.ActiveCfg = Release|Any CPU
		{32385524-A564-44BD-B123-DD58F5F1BD94}.Release|Any CPU.Build.0 = Release|Any CPU
		{D7F09D32-DB62-425E-A75C-CE627D30AA2C}.Debug|Any CPU.ActiveCfg = Debug|Any CPU
		{D7F09D32-DB62-425E-A75C-CE627D30AA2C}.Debug|Any CPU.Build.0 = Debug|Any CPU
		{D7F09D32-DB62-425E-A75C-CE627D30AA2C}.Release|Any CPU.ActiveCfg = Release|Any CPU
		{D7F09D32-DB62-425E-A75C-CE627D30AA2C}.Release|Any CPU.Build.0 = Release|Any CPU
	EndGlobalSection
	GlobalSection(SolutionProperties) = preSolution
		HideSolutionNode = FALSE
	EndGlobalSection
	GlobalSection(ExtensibilityGlobals) = postSolution
		SolutionGuid = {CFE0B7D7-812A-4DE7-B6F0-21D7F754564E}
	EndGlobalSection
EndGlobal
